// !$*UTF8*$!
{
	archiveVersion = 1;
	classes = {
	};
	objectVersion = 46;
	objects = {

/* Begin PBXBuildFile section */
		5B93FE321A48686B004C3C32 /* AppDelegate.swift in Sources */ = {isa = PBXBuildFile; fileRef = 5B93FE311A48686B004C3C32 /* AppDelegate.swift */; };
		5B93FE341A48686B004C3C32 /* ViewController.swift in Sources */ = {isa = PBXBuildFile; fileRef = 5B93FE331A48686B004C3C32 /* ViewController.swift */; };
		5B93FE371A48686B004C3C32 /* Main.storyboard in Resources */ = {isa = PBXBuildFile; fileRef = 5B93FE351A48686B004C3C32 /* Main.storyboard */; };
		5B93FE391A48686B004C3C32 /* Images.xcassets in Resources */ = {isa = PBXBuildFile; fileRef = 5B93FE381A48686B004C3C32 /* Images.xcassets */; };
		5B93FE3C1A48686B004C3C32 /*   .xib in Resources */ = {isa = PBXBuildFile; fileRef = 5B93FE3A1A48686B004C3C32 /*   .xib */; };
		5B93FE481A48686B004C3C32 /* PostcardTests.swift in Sources */ = {isa = PBXBuildFile; fileRef = 5B93FE471A48686B004C3C32 /* PostcardTests.swift */; };
		5B93FE521A48784A004C3C32 /* Sagrada_Familia.jpg in Resources */ = {isa = PBXBuildFile; fileRef = 5B93FE511A48784A004C3C32 /* Sagrada_Familia.jpg */; };
		5B93FE541A487E5D004C3C32 /* alberteinsteinstamp.jpg in Resources */ = {isa = PBXBuildFile; fileRef = 5B93FE531A487E5D004C3C32 /* alberteinsteinstamp.jpg */; };
/* End PBXBuildFile section */

/* Begin PBXContainerItemProxy section */
		5B93FE421A48686B004C3C32 /* PBXContainerItemProxy */ = {
			isa = PBXContainerItemProxy;
			containerPortal = 5B93FE241A48686B004C3C32 /* Project object */;
			proxyType = 1;
			remoteGlobalIDString = 5B93FE2B1A48686B004C3C32;
			remoteInfo = Postcard;
		};
/* End PBXContainerItemProxy section */

/* Begin PBXFileReference section */
		5B93FE2C1A48686B004C3C32 /* Postcard.app */ = {isa = PBXFileReference; explicitFileType = wrapper.application; includeInIndex = 0; path = Postcard.app; sourceTree = BUILT_PRODUCTS_DIR; };
		5B93FE301A48686B004C3C32 /* Info.plist */ = {isa = PBXFileReference; lastKnownFileType = text.plist.xml; path = Info.plist; sourceTree = "<group>"; };
		5B93FE311A48686B004C3C32 /* AppDelegate.swift */ = {isa = PBXFileReference; lastKnownFileType = sourcecode.swift; path = AppDelegate.swift; sourceTree = "<group>"; };
		5B93FE331A48686B004C3C32 /* ViewController.swift */ = {isa = PBXFileReference; lastKnownFileType = sourcecode.swift; path = ViewController.swift; sourceTree = "<group>"; };
		5B93FE361A48686B004C3C32 /* Base */ = {isa = PBXFileReference; lastKnownFileType = file.storyboard; name = Base; path = Base.lproj/Main.storyboard; sourceTree = "<group>"; };
		5B93FE381A48686B004C3C32 /* Images.xcassets */ = {isa = PBXFileReference; lastKnownFileType = folder.assetcatalog; path = Images.xcassets; sourceTree = "<group>"; };
		5B93FE3B1A48686B004C3C32 /* Base */ = {isa = PBXFileReference; lastKnownFileType = file.xib; name = Base; path = "Base.lproj/  .xib"; sourceTree = "<group>"; };
		5B93FE411A48686B004C3C32 /* PostcardTests.xctest */ = {isa = PBXFileReference; explicitFileType = wrapper.cfbundle; includeInIndex = 0; path = PostcardTests.xctest; sourceTree = BUILT_PRODUCTS_DIR; };
		5B93FE461A48686B004C3C32 /* Info.plist */ = {isa = PBXFileReference; lastKnownFileType = text.plist.xml; path = Info.plist; sourceTree = "<group>"; };
		5B93FE471A48686B004C3C32 /* PostcardTests.swift */ = {isa = PBXFileReference; lastKnownFileType = sourcecode.swift; path = PostcardTests.swift; sourceTree = "<group>"; };
		5B93FE511A48784A004C3C32 /* Sagrada_Familia.jpg */ = {isa = PBXFileReference; lastKnownFileType = image.jpeg; path = Sagrada_Familia.jpg; sourceTree = "<group>"; };
		5B93FE531A487E5D004C3C32 /* alberteinsteinstamp.jpg */ = {isa = PBXFileReference; lastKnownFileType = image.jpeg; path = alberteinsteinstamp.jpg; sourceTree = "<group>"; };
/* End PBXFileReference section */

/* Begin PBXFrameworksBuildPhase section */
		5B93FE291A48686B004C3C32 /* Frameworks */ = {
			isa = PBXFrameworksBuildPhase;
			buildActionMask = 2147483647;
			files = (
			);
			runOnlyForDeploymentPostprocessing = 0;
		};
		5B93FE3E1A48686B004C3C32 /* Frameworks */ = {
			isa = PBXFrameworksBuildPhase;
			buildActionMask = 2147483647;
			files = (
			);
			runOnlyForDeploymentPostprocessing = 0;
		};
/* End PBXFrameworksBuildPhase section */

/* Begin PBXGroup section */
		5B93FE231A48686B004C3C32 = {
			isa = PBXGroup;
			children = (
				5B93FE2E1A48686B004C3C32 /* Postcard */,
				5B93FE441A48686B004C3C32 /* PostcardTests */,
				5B93FE2D1A48686B004C3C32 /* Products */,
			);
			sourceTree = "<group>";
		};
		5B93FE2D1A48686B004C3C32 /* Products */ = {
			isa = PBXGroup;
			children = (
				5B93FE2C1A48686B004C3C32 /* Postcard.app */,
				5B93FE411A48686B004C3C32 /* PostcardTests.xctest */,
			);
			name = Products;
			sourceTree = "<group>";
		};
		5B93FE2E1A48686B004C3C32 /* Postcard */ = {
			isa = PBXGroup;
			children = (
				5B93FE311A48686B004C3C32 /* AppDelegate.swift */,
				5B93FE331A48686B004C3C32 /* ViewController.swift */,
				5B93FE351A48686B004C3C32 /* Main.storyboard */,
				5B93FE381A48686B004C3C32 /* Images.xcassets */,
				5B93FE3A1A48686B004C3C32 /*   .xib */,
				5B93FE2F1A48686B004C3C32 /* Supporting Files */,
			);
			path = Postcard;
			sourceTree = "<group>";
		};
		5B93FE2F1A48686B004C3C32 /* Supporting Files */ = {
			isa = PBXGroup;
			children = (
				5B93FE531A487E5D004C3C32 /* alberteinsteinstamp.jpg */,
				5B93FE511A48784A004C3C32 /* Sagrada_Familia.jpg */,
				5B93FE301A48686B004C3C32 /* Info.plist */,
			);
			name = "Supporting Files";
			sourceTree = "<group>";
		};
		5B93FE441A48686B004C3C32 /* PostcardTests */ = {
			isa = PBXGroup;
			children = (
				5B93FE471A48686B004C3C32 /* PostcardTests.swift */,
				5B93FE451A48686B004C3C32 /* Supporting Files */,
			);
			path = PostcardTests;
			sourceTree = "<group>";
		};
		5B93FE451A48686B004C3C32 /* Supporting Files */ = {
			isa = PBXGroup;
			children = (
				5B93FE461A48686B004C3C32 /* Info.plist */,
			);
			name = "Supporting Files";
			sourceTree = "<group>";
		};
/* End PBXGroup section */

/* Begin PBXNativeTarget section */
		5B93FE2B1A48686B004C3C32 /* Postcard */ = {
			isa = PBXNativeTarget;
			buildConfigurationList = 5B93FE4B1A48686B004C3C32 /* Build configuration list for PBXNativeTarget "Postcard" */;
			buildPhases = (
				5B93FE281A48686B004C3C32 /* Sources */,
				5B93FE291A48686B004C3C32 /* Frameworks */,
				5B93FE2A1A48686B004C3C32 /* Resources */,
			);
			buildRules = (
			);
			dependencies = (
			);
			name = Postcard;
			productName = Postcard;
			productReference = 5B93FE2C1A48686B004C3C32 /* Postcard.app */;
			productType = "com.apple.product-type.application";
		};
		5B93FE401A48686B004C3C32 /* PostcardTests */ = {
			isa = PBXNativeTarget;
			buildConfigurationList = 5B93FE4E1A48686B004C3C32 /* Build configuration list for PBXNativeTarget "PostcardTests" */;
			buildPhases = (
				5B93FE3D1A48686B004C3C32 /* Sources */,
				5B93FE3E1A48686B004C3C32 /* Frameworks */,
				5B93FE3F1A48686B004C3C32 /* Resources */,
			);
			buildRules = (
			);
			dependencies = (
				5B93FE431A48686B004C3C32 /* PBXTargetDependency */,
			);
			name = PostcardTests;
			productName = PostcardTests;
			productReference = 5B93FE411A48686B004C3C32 /* PostcardTests.xctest */;
			productType = "com.apple.product-type.bundle.unit-test";
		};
/* End PBXNativeTarget section */

/* Begin PBXProject section */
		5B93FE241A48686B004C3C32 /* Project object */ = {
			isa = PBXProject;
			attributes = {
				LastUpgradeCheck = 0610;
				ORGANIZATIONNAME = BitFountain;
				TargetAttributes = {
					5B93FE2B1A48686B004C3C32 = {
						CreatedOnToolsVersion = 6.1.1;
					};
					5B93FE401A48686B004C3C32 = {
						CreatedOnToolsVersion = 6.1.1;
						TestTargetID = 5B93FE2B1A48686B004C3C32;
					};
				};
			};
			buildConfigurationList = 5B93FE271A48686B004C3C32 /* Build configuration list for PBXProject "Postcard" */;
			compatibilityVersion = "Xcode 3.2";
			developmentRegion = English;
			hasScannedForEncodings = 0;
			knownRegions = (
				en,
				Base,
			);
			mainGroup = 5B93FE231A48686B004C3C32;
			productRefGroup = 5B93FE2D1A48686B004C3C32 /* Products */;
			projectDirPath = "";
			projectRoot = "";
			targets = (
				5B93FE2B1A48686B004C3C32 /* Postcard */,
				5B93FE401A48686B004C3C32 /* PostcardTests */,
			);
		};
/* End PBXProject section */

/* Begin PBXResourcesBuildPhase section */
		5B93FE2A1A48686B004C3C32 /* Resources */ = {
			isa = PBXResourcesBuildPhase;
			buildActionMask = 2147483647;
			files = (
				5B93FE371A48686B004C3C32 /* Main.storyboard in Resources */,
				5B93FE3C1A48686B004C3C32 /*   .xib in Resources */,
				5B93FE391A48686B004C3C32 /* Images.xcassets in Resources */,
				5B93FE541A487E5D004C3C32 /* alberteinsteinstamp.jpg in Resources */,
				5B93FE521A48784A004C3C32 /* Sagrada_Familia.jpg in Resources */,
			);
			runOnlyForDeploymentPostprocessing = 0;
		};
		5B93FE3F1A48686B004C3C32 /* Resources */ = {
			isa = PBXResourcesBuildPhase;
			buildActionMask = 2147483647;
			files = (
			);
			runOnlyForDeploymentPostprocessing = 0;
		};
/* End PBXResourcesBuildPhase section */

/* Begin PBXSourcesBuildPhase section */
		5B93FE281A48686B004C3C32 /* Sources */ = {
			isa = PBXSourcesBuildPhase;
			buildActionMask = 2147483647;
			files = (
				5B93FE341A48686B004C3C32 /* ViewController.swift in Sources */,
				5B93FE321A48686B004C3C32 /* AppDelegate.swift in Sources */,
			);
			runOnlyForDeploymentPostprocessing = 0;
		};
		5B93FE3D1A48686B004C3C32 /* Sources */ = {
			isa = PBXSourcesBuildPhase;
			buildActionMask = 2147483647;
			files = (
				5B93FE481A48686B004C3C32 /* PostcardTests.swift in Sources */,
			);
			runOnlyForDeploymentPostprocessing = 0;
		};
/* End PBXSourcesBuildPhase section */

/* Begin PBXTargetDependency section */
		5B93FE431A48686B004C3C32 /* PBXTargetDependency */ = {
			isa = PBXTargetDependency;
			target = 5B93FE2B1A48686B004C3C32 /* Postcard */;
			targetProxy = 5B93FE421A48686B004C3C32 /* PBXContainerItemProxy */;
		};
/* End PBXTargetDependency section */

/* Begin PBXVariantGroup section */
		5B93FE351A48686B004C3C32 /* Main.storyboard */ = {
			isa = PBXVariantGroup;
			children = (
				5B93FE361A48686B004C3C32 /* Base */,
			);
			name = Main.storyboard;
			sourceTree = "<group>";
		};
		5B93FE3A1A48686B004C3C32 /*   .xib */ = {
			isa = PBXVariantGroup;
			children = (
				5B93FE3B1A48686B004C3C32 /* Base */,
			);
			name = "  .xib";
			sourceTree = "<group>";
		};
/* End PBXVariantGroup section */

/* Begin XCBuildConfiguration section */
		5B93FE491A48686B004C3C32 /* Debug */ = {
			isa = XCBuildConfiguration;
			buildSettings = {
				ALWAYS_SEARCH_USER_PATHS = NO;
				CLANG_CXX_LANGUAGE_STANDARD = "gnu++0x";
				CLANG_CXX_LIBRARY = "libc++";
				CLANG_ENABLE_MODULES = YES;
				CLANG_ENABLE_OBJC_ARC = YES;
				CLANG_WARN_BOOL_CONVERSION = YES;
				CLANG_WARN_CONSTANT_CONVERSION = YES;
				CLANG_WARN_DIRECT_OBJC_ISA_USAGE = YES_ERROR;
				CLANG_WARN_EMPTY_BODY = YES;
				CLANG_WARN_ENUM_CONVERSION = YES;
				CLANG_WARN_INT_CONVERSION = YES;
				CLANG_WARN_OBJC_ROOT_CLASS = YES_ERROR;
				CLANG_WARN_UNREACHABLE_CODE = YES;
				CLANG_WARN__DUPLICATE_METHOD_MATCH = YES;
				"CODE_SIGN_IDENTITY[sdk=iphoneos*]" = "iPhone Developer";
				COPY_PHASE_STRIP = NO;
				ENABLE_STRICT_OBJC_MSGSEND = YES;
				GCC_C_LANGUAGE_STANDARD = gnu99;
				GCC_DYNAMIC_NO_PIC = NO;
				GCC_OPTIMIZATION_LEVEL = 0;
				GCC_PREPROCESSOR_DEFINITIONS = (
					"DEBUG=1",
					"$(inherited)",
				);
				GCC_SYMBOLS_PRIVATE_EXTERN = NO;
				GCC_WARN_64_TO_32_BIT_CONVERSION = YES;
				GCC_WARN_ABOUT_RETURN_TYPE = YES_ERROR;
				GCC_WARN_UNDECLARED_SELECTOR = YES;
				GCC_WARN_UNINITIALIZED_AUTOS = YES_AGGRESSIVE;
				GCC_WARN_UNUSED_FUNCTION = YES;
				GCC_WARN_UNUSED_VARIABLE = YES;
				IPHONEOS_DEPLOYMENT_TARGET = 8.1;
				MTL_ENABLE_DEBUG_INFO = YES;
				ONLY_ACTIVE_ARCH = YES;
				SDKROOT = iphoneos;
				SWIFT_OPTIMIZATION_LEVEL = "-Onone";
				TARGETED_DEVICE_FAMILY = "1,2";
			};
			name = Debug;
		};
		5B93FE4A1A48686B004C3C32 /* Release */ = {
			isa = XCBuildConfiguration;
			buildSettings = {
				ALWAYS_SEARCH_USER_PATHS = NO;
				CLANG_CXX_LANGUAGE_STANDARD = "gnu++0x";
				CLANG_CXX_LIBRARY = "libc++";
				CLANG_ENABLE_MODULES = YES;
				CLANG_ENABLE_OBJC_ARC = YES;
				CLANG_WARN_BOOL_CONVERSION = YES;
				CLANG_WARN_CONSTANT_CONVERSION = YES;
				CLANG_WARN_DIRECT_OBJC_ISA_USAGE = YES_ERROR;
				CLANG_WARN_EMPTY_BODY = YES;
				CLANG_WARN_ENUM_CONVERSION = YES;
				CLANG_WARN_INT_CONVERSION = YES;
				CLANG_WARN_OBJC_ROOT_CLASS = YES_ERROR;
				CLANG_WARN_UNREACHABLE_CODE = YES;
				CLANG_WARN__DUPLICATE_METHOD_MATCH = YES;
				"CODE_SIGN_IDENTITY[sdk=iphoneos*]" = "iPhone Developer";
				COPY_PHASE_STRIP = YES;
				ENABLE_NS_ASSERTIONS = NO;
				ENABLE_STRICT_OBJC_MSGSEND = YES;
				GCC_C_LANGUAGE_STANDARD = gnu99;
				GCC_WARN_64_TO_32_BIT_CONVERSION = YES;
				GCC_WARN_ABOUT_RETURN_TYPE = YES_ERROR;
				GCC_WARN_UNDECLARED_SELECTOR = YES;
				GCC_WARN_UNINITIALIZED_AUTOS = YES_AGGRESSIVE;
				GCC_WARN_UNUSED_FUNCTION = YES;
				GCC_WARN_UNUSED_VARIABLE = YES;
				IPHONEOS_DEPLOYMENT_TARGET = 8.1;
				MTL_ENABLE_DEBUG_INFO = NO;
				SDKROOT = iphoneos;
				TARGETED_DEVICE_FAMILY = "1,2";
				VALIDATE_PRODUCT = YES;
			};
			name = Release;
		};
		5B93FE4C1A48686B004C3C32 /* Debug */ = {
			isa = XCBuildConfiguration;
			buildSettings = {
				ASSETCATALOG_COMPILER_APPICON_NAME = AppIcon;
				INFOPLIST_FILE = Postcard/Info.plist;
				LD_RUNPATH_SEARCH_PATHS = "$(inherited) @executable_path/Frameworks";
				PRODUCT_NAME = "$(TARGET_NAME)";
			};
			name = Debug;
		};
		5B93FE4D1A48686B004C3C32 /* Release */ = {
			isa = XCBuildConfiguration;
			buildSettings = {
				ASSETCATALOG_COMPILER_APPICON_NAME = AppIcon;
				INFOPLIST_FILE = Postcard/Info.plist;
				LD_RUNPATH_SEARCH_PATHS = "$(inherited) @executable_path/Frameworks";
				PRODUCT_NAME = "$(TARGET_NAME)";
			};
			name = Release;
		};
		5B93FE4F1A48686B004C3C32 /* Debug */ = {
			isa = XCBuildConfiguration;
			buildSettings = {
				BUNDLE_LOADER = "$(TEST_HOST)";
				FRAMEWORK_SEARCH_PATHS = (
					"$(SDKROOT)/Developer/Library/Frameworks",
					"$(inherited)",
				);
				GCC_PREPROCESSOR_DEFINITIONS = (
					"DEBUG=1",
					"$(inherited)",
				);
				INFOPLIST_FILE = PostcardTests/Info.plist;
				LD_RUNPATH_SEARCH_PATHS = "$(inherited) @executable_path/Frameworks @loader_path/Frameworks";
				PRODUCT_NAME = "$(TARGET_NAME)";
				TEST_HOST = "$(BUILT_PRODUCTS_DIR)/Postcard.app/Postcard";
			};
			name = Debug;
		};
		5B93FE501A48686B004C3C32 /* Release */ = {
			isa = XCBuildConfiguration;
			buildSettings = {
				BUNDLE_LOADER = "$(TEST_HOST)";
				FRAMEWORK_SEARCH_PATHS = (
					"$(SDKROOT)/Developer/Library/Frameworks",
					"$(inherited)",
				);
				INFOPLIST_FILE = PostcardTests/Info.plist;
				LD_RUNPATH_SEARCH_PATHS = "$(inherited) @executable_path/Frameworks @loader_path/Frameworks";
				PRODUCT_NAME = "$(TARGET_NAME)";
				TEST_HOST = "$(BUILT_PRODUCTS_DIR)/Postcard.app/Postcard";
			};
			name = Release;
		};
/* End XCBuildConfiguration section */

/* Begin XCConfigurationList section */
		5B93FE271A48686B004C3C32 /* Build configuration list for PBXProject "Postcard" */ = {
			isa = XCConfigurationList;
			buildConfigurations = (
				5B93FE491A48686B004C3C32 /* Debug */,
				5B93FE4A1A48686B004C3C32 /* Release */,
			);
			defaultConfigurationIsVisible = 0;
			defaultConfigurationName = Release;
		};
		5B93FE4B1A48686B004C3C32 /* Build configuration list for PBXNativeTarget "Postcard" */ = {
			isa = XCConfigurationList;
			buildConfigurations = (
				5B93FE4C1A48686B004C3C32 /* Debug */,
				5B93FE4D1A48686B004C3C32 /* Release */,
			);
			defaultConfigurationIsVisible = 0;
		};
		5B93FE4E1A48686B004C3C32 /* Build configuration list for PBXNativeTarget "PostcardTests" */ = {
			isa = XCConfigurationList;
			buildConfigurations = (
				5B93FE4F1A48686B004C3C32 /* Debug */,
				5B93FE501A48686B004C3C32 /* Release */,
			);
			defaultConfigurationIsVisible = 0;
		};
/* End XCConfigurationList section */
	};
	rootObject = 5B93FE241A48686B004C3C32 /* Project object */;
}
